
Microsoft Visual Studio Solution File, Format Version 12.00
# Visual Studio Version 16
VisualStudioVersion = 16.0.31321.278
MinimumVisualStudioVersion = 10.0.40219.1
Project("{FAE04EC0-301F-11D3-BF4B-00C04F79EFBC}") = "ManagementCarApplication", "ManagementCarApplication\ManagementCarApplication.csproj", "{92187C9C-423C-475A-9793-1E91C4197335}"
EndProject
Global
	GlobalSection(SolutionConfigurationPlatforms) = preSolution
		Debug|Any CPU = Debug|Any CPU
		Release|Any CPU = Release|Any CPU
	EndGlobalSection
	GlobalSection(ProjectConfigurationPlatforms) = postSolution
		{92187C9C-423C-475A-9793-1E91C4197335}.Debug|Any CPU.ActiveCfg = Debug|Any CPU
		{92187C9C-423C-475A-9793-1E91C4197335}.Debug|Any CPU.Build.0 = Debug|Any CPU
		{92187C9C-423C-475A-9793-1E91C4197335}.Release|Any CPU.ActiveCfg = Release|Any CPU
		{92187C9C-423C-475A-9793-1E91C4197335}.Release|Any CPU.Build.0 = Release|Any CPU
	EndGlobalSection
	GlobalSection(SolutionProperties) = preSolution
		HideSolutionNode = FALSE
	EndGlobalSection
	GlobalSection(ExtensibilityGlobals) = postSolution
		SolutionGuid = {18FF06C1-0022-4DA8-BD97-2E96B1624314}
	EndGlobalSection
EndGlobal
